
Microsoft Visual Studio Solution File, Format Version 12.00
# Visual Studio Version 17
VisualStudioVersion = 17.3.32922.545
MinimumVisualStudioVersion = 10.0.40219.1
Project("{FAE04EC0-301F-11D3-BF4B-00C04F79EFBC}") = "CodeBeam.MudExtensions", "CodeBeam.MudExtensions\CodeBeam.MudExtensions.csproj", "{542668A8-79D0-4697-9861-87EC5266EA65}"
EndProject
Project("{FAE04EC0-301F-11D3-BF4B-00C04F79EFBC}") = "ComponentViewer", "ComponentViewer\ComponentViewer.csproj", "{F1B30028-B255-4668-81E8-C7D25ECD33A1}"
EndProject
Project("{FAE04EC0-301F-11D3-BF4B-00C04F79EFBC}") = "ComponentViewer.Wasm", "ComponentViewer.Wasm\ComponentViewer.Wasm.csproj", "{924E72FF-1B0D-4465-9805-AB7B9D114113}"
EndProject
Global
	GlobalSection(SolutionConfigurationPlatforms) = preSolution
		Debug|Any CPU = Debug|Any CPU
		Release|Any CPU = Release|Any CPU
	EndGlobalSection
	GlobalSection(ProjectConfigurationPlatforms) = postSolution
		{542668A8-79D0-4697-9861-87EC5266EA65}.Debug|Any CPU.ActiveCfg = Debug|Any CPU
		{542668A8-79D0-4697-9861-87EC5266EA65}.Debug|Any CPU.Build.0 = Debug|Any CPU
		{542668A8-79D0-4697-9861-87EC5266EA65}.Release|Any CPU.ActiveCfg = Release|Any CPU
		{542668A8-79D0-4697-9861-87EC5266EA65}.Release|Any CPU.Build.0 = Release|Any CPU
		{F1B30028-B255-4668-81E8-C7D25ECD33A1}.Debug|Any CPU.ActiveCfg = Debug|Any CPU
		{F1B30028-B255-4668-81E8-C7D25ECD33A1}.Debug|Any CPU.Build.0 = Debug|Any CPU
		{F1B30028-B255-4668-81E8-C7D25ECD33A1}.Release|Any CPU.ActiveCfg = Release|Any CPU
		{F1B30028-B255-4668-81E8-C7D25ECD33A1}.Release|Any CPU.Build.0 = Release|Any CPU
		{924E72FF-1B0D-4465-9805-AB7B9D114113}.Debug|Any CPU.ActiveCfg = Debug|Any CPU
		{924E72FF-1B0D-4465-9805-AB7B9D114113}.Debug|Any CPU.Build.0 = Debug|Any CPU
		{924E72FF-1B0D-4465-9805-AB7B9D114113}.Release|Any CPU.ActiveCfg = Release|Any CPU
		{924E72FF-1B0D-4465-9805-AB7B9D114113}.Release|Any CPU.Build.0 = Release|Any CPU
	EndGlobalSection
	GlobalSection(SolutionProperties) = preSolution
		HideSolutionNode = FALSE
	EndGlobalSection
	GlobalSection(ExtensibilityGlobals) = postSolution
		SolutionGuid = {F4ABECB5-60B3-4248-83F3-5BAB1881D9B6}
	EndGlobalSection
EndGlobal
